{
  "name": "trybe-exercises",
  "lockfileVersion": 2,
  "requires": true,
  "packages": {
    "": {
      "dependencies": {
        "date-fns": "^2.21.3",
        "inputmask": "^5.0.5",
        "just-validate": "^1.5.0"
      }
    },
    "node_modules/date-fns": {
      "version": "2.21.3",
      "resolved": "https://registry.npmjs.org/date-fns/-/date-fns-2.21.3.tgz",
      "integrity": "sha512-HeYdzCaFflc1i4tGbj7JKMjM4cKGYoyxwcIIkHzNgCkX8xXDNJDZXgDDVchIWpN4eQc3lH37WarduXFZJOtxfw==",
      "engines": {
        "node": ">=0.11"
      },
      "funding": {
        "type": "opencollective",
        "url": "https://opencollective.com/date-fns"
      }
    },
    "node_modules/inputmask": {
      "version": "5.0.5",
      "resolved": "https://registry.npmjs.org/inputmask/-/inputmask-5.0.5.tgz",
      "integrity": "sha512-9gqau4tb0oaxYiymLC43KU/aAXHVofya7ilGIxqKONbSh7LNKRHmpw6mhuH2D4yykRlcNhS9zI/FOsrAQmltQA=="
    },
    "node_modules/just-validate": {
      "version": "1.5.0",
      "resolved": "https://registry.npmjs.org/just-validate/-/just-validate-1.5.0.tgz",
      "integrity": "sha512-avrGuoVZplYaXoSDXOg5RWvyKTERDCvqdi0aM55BdrmpUDW19k4vpFApdfy40rrjL3fytoGUMKfkEZKpBT3vHQ==",
      "dependencies": {
        "promise-polyfill": "^6.0.2"
      }
    },
    "node_modules/promise-polyfill": {
      "version": "6.1.0",
      "resolved": "https://registry.npmjs.org/promise-polyfill/-/promise-polyfill-6.1.0.tgz",
      "integrity": "sha1-36lpQ+qcEh/KTem1hoyznTRy4Fc="
    }
  },
  "dependencies": {
    "date-fns": {
      "version": "2.21.3",
      "resolved": "https://registry.npmjs.org/date-fns/-/date-fns-2.21.3.tgz",
      "integrity": "sha512-HeYdzCaFflc1i4tGbj7JKMjM4cKGYoyxwcIIkHzNgCkX8xXDNJDZXgDDVchIWpN4eQc3lH37WarduXFZJOtxfw=="
    },
    "inputmask": {
      "version": "5.0.5",
      "resolved": "https://registry.npmjs.org/inputmask/-/inputmask-5.0.5.tgz",
      "integrity": "sha512-9gqau4tb0oaxYiymLC43KU/aAXHVofya7ilGIxqKONbSh7LNKRHmpw6mhuH2D4yykRlcNhS9zI/FOsrAQmltQA=="
    },
    "just-validate": {
      "version": "1.5.0",
      "resolved": "https://registry.npmjs.org/just-validate/-/just-validate-1.5.0.tgz",
      "integrity": "sha512-avrGuoVZplYaXoSDXOg5RWvyKTERDCvqdi0aM55BdrmpUDW19k4vpFApdfy40rrjL3fytoGUMKfkEZKpBT3vHQ==",
      "requires": {
        "promise-polyfill": "^6.0.2"
      }
    },
    "promise-polyfill": {
      "version": "6.1.0",
      "resolved": "https://registry.npmjs.org/promise-polyfill/-/promise-polyfill-6.1.0.tgz",
      "integrity": "sha1-36lpQ+qcEh/KTem1hoyznTRy4Fc="
    }
  }
}
